{
  "nodes": {
    "fenix": {
      "inputs": {
        "nixpkgs": [
          "kugland-nur-packages",
          "nixpkgs"
        ],
        "rust-analyzer-src": "rust-analyzer-src"
      },
      "locked": {
        "lastModified": 1735886062,
        "narHash": "sha256-TTI7Lt1/hvu3xuUdc2UA9jACoarf/DAKtwHYhsQ/iD8=",
        "owner": "nix-community",
        "repo": "fenix",
        "rev": "a65f3516dfcce5cf2157cc19d517b1bb87ed71b8",
        "type": "github"
      },
      "original": {
        "owner": "nix-community",
        "repo": "fenix",
        "type": "github"
      }
    },
    "flake-utils": {
      "inputs": {
        "systems": "systems"
      },
      "locked": {
        "lastModified": 1731533236,
        "narHash": "sha256-l0KFg5HjrsfsO/JpG+r7fRrqm12kzFHyUHqHCVpMMbI=",
        "owner": "numtide",
        "repo": "flake-utils",
        "rev": "11707dc2f618dd54ca8739b309ec4fc024de578b",
        "type": "github"
      },
      "original": {
        "owner": "numtide",
        "repo": "flake-utils",
        "type": "github"
      }
    },
    "kugland-nur-packages": {
      "inputs": {
        "fenix": "fenix",
        "nixpkgs": [
          "nixpkgs"
        ]
      },
      "locked": {
        "lastModified": 1736476244,
        "narHash": "sha256-7SJSVbZUdEHp4gTwkSoaZzk4zXy8RQm5E/0NMCJYOBE=",
        "owner": "kugland",
        "repo": "nur-packages",
        "rev": "2cb85070295b3b3492f4842729fc50b32bfccf3f",
        "type": "github"
      },
      "original": {
        "owner": "kugland",
        "ref": "master",
        "repo": "nur-packages",
        "type": "github"
      }
    },
    "nixpkgs": {
      "locked": {
        "lastModified": 1736798957,
        "narHash": "sha256-qwpCtZhSsSNQtK4xYGzMiyEDhkNzOCz/Vfu4oL2ETsQ=",
        "owner": "NixOS",
        "repo": "nixpkgs",
        "rev": "9abb87b552b7f55ac8916b6fc9e5cb486656a2f3",
        "type": "github"
      },
      "original": {
        "owner": "NixOS",
        "ref": "nixos-unstable",
        "repo": "nixpkgs",
        "type": "github"
      }
    },
    "root": {
      "inputs": {
        "flake-utils": "flake-utils",
        "kugland-nur-packages": "kugland-nur-packages",
        "nixpkgs": "nixpkgs"
      }
    },
    "rust-analyzer-src": {
      "flake": false,
      "locked": {
        "lastModified": 1735816508,
        "narHash": "sha256-oag3BrD8UskICXnQSSjJ888rjUj/IhH9KlqJuqsqwrA=",
        "owner": "rust-lang",
        "repo": "rust-analyzer",
        "rev": "d3dd40f6360f970179ed671d042e8e0902c770ac",
        "type": "github"
      },
      "original": {
        "owner": "rust-lang",
        "ref": "nightly",
        "repo": "rust-analyzer",
        "type": "github"
      }
    },
    "systems": {
      "locked": {
        "lastModified": 1681028828,
        "narHash": "sha256-Vy1rq5AaRuLzOxct8nz4T6wlgyUR7zLU309k9mBC768=",
        "owner": "nix-systems",
        "repo": "default",
        "rev": "da67096a3b9bf56a91d16901293e51ba5b49a27e",
        "type": "github"
      },
      "original": {
        "owner": "nix-systems",
        "repo": "default",
        "type": "github"
      }
    }
  },
  "root": "root",
  "version": 7
}
